// !$*UTF8*$!
{
	archiveVersion = 1;
	classes = {
	};
	objectVersion = 46;
	objects = {

/* Begin PBXBuildFile section */
		3F0461721E89960D005FF532 /* SignInViewController.swift in Sources */ = {isa = PBXBuildFile; fileRef = 3F0461711E89960D005FF532 /* SignInViewController.swift */; };
		3F0461741E899637005FF532 /* LogInViewController.swift in Sources */ = {isa = PBXBuildFile; fileRef = 3F0461731E899637005FF532 /* LogInViewController.swift */; };
		3F0461761E899649005FF532 /* SignUpViewController.swift in Sources */ = {isa = PBXBuildFile; fileRef = 3F0461751E899649005FF532 /* SignUpViewController.swift */; };
		3F0461781E8AE08D005FF532 /* CreateNewEventViewController.swift in Sources */ = {isa = PBXBuildFile; fileRef = 3F0461771E8AE08D005FF532 /* CreateNewEventViewController.swift */; };
		3F04617A1E8AEB13005FF532 /* NewLocationViewController.swift in Sources */ = {isa = PBXBuildFile; fileRef = 3F0461791E8AEB13005FF532 /* NewLocationViewController.swift */; };
		3F04617C1E8C4778005FF532 /* ChatsTableViewController.swift in Sources */ = {isa = PBXBuildFile; fileRef = 3F04617B1E8C4778005FF532 /* ChatsTableViewController.swift */; };
		3F04617E1E8C48C7005FF532 /* Chat.swift in Sources */ = {isa = PBXBuildFile; fileRef = 3F04617D1E8C48C7005FF532 /* Chat.swift */; };
		3F0461801E8C4A2D005FF532 /* ChatViewController.swift in Sources */ = {isa = PBXBuildFile; fileRef = 3F04617F1E8C4A2D005FF532 /* ChatViewController.swift */; };
		3F0461821E8D7767005FF532 /* ChatTableViewCell.swift in Sources */ = {isa = PBXBuildFile; fileRef = 3F0461811E8D7767005FF532 /* ChatTableViewCell.swift */; };
		3F3CCC461E8300400038B631 /* AppDelegate.swift in Sources */ = {isa = PBXBuildFile; fileRef = 3F3CCC451E8300400038B631 /* AppDelegate.swift */; };
		3F3CCC481E8300400038B631 /* MainViewController.swift in Sources */ = {isa = PBXBuildFile; fileRef = 3F3CCC471E8300400038B631 /* MainViewController.swift */; };
		3F3CCC4B1E8300400038B631 /* Main.storyboard in Resources */ = {isa = PBXBuildFile; fileRef = 3F3CCC491E8300400038B631 /* Main.storyboard */; };
		3F3CCC4D1E8300400038B631 /* Assets.xcassets in Resources */ = {isa = PBXBuildFile; fileRef = 3F3CCC4C1E8300400038B631 /* Assets.xcassets */; };
		3F3CCC501E8300400038B631 /* LaunchScreen.storyboard in Resources */ = {isa = PBXBuildFile; fileRef = 3F3CCC4E1E8300400038B631 /* LaunchScreen.storyboard */; };
		3F3CCCD91E84621C0038B631 /* guiamigo.xcdatamodeld in Sources */ = {isa = PBXBuildFile; fileRef = 3F3CCCD71E84621C0038B631 /* guiamigo.xcdatamodeld */; };
		3F3CCCDB1E8466AE0038B631 /* Event.swift in Sources */ = {isa = PBXBuildFile; fileRef = 3F3CCCDA1E8466AE0038B631 /* Event.swift */; };
		3F3CCCEE1E846B2B0038B631 /* CoreDataManager.swift in Sources */ = {isa = PBXBuildFile; fileRef = 3F3CCCED1E846B2B0038B631 /* CoreDataManager.swift */; };
		3FF1A9421E846CD4001FDB22 /* User.swift in Sources */ = {isa = PBXBuildFile; fileRef = 3FF1A9411E846CD4001FDB22 /* User.swift */; };
/* End PBXBuildFile section */

/* Begin PBXFileReference section */
		3F0461711E89960D005FF532 /* SignInViewController.swift */ = {isa = PBXFileReference; fileEncoding = 4; lastKnownFileType = sourcecode.swift; path = SignInViewController.swift; sourceTree = "<group>"; };
		3F0461731E899637005FF532 /* LogInViewController.swift */ = {isa = PBXFileReference; fileEncoding = 4; lastKnownFileType = sourcecode.swift; path = LogInViewController.swift; sourceTree = "<group>"; };
		3F0461751E899649005FF532 /* SignUpViewController.swift */ = {isa = PBXFileReference; fileEncoding = 4; lastKnownFileType = sourcecode.swift; path = SignUpViewController.swift; sourceTree = "<group>"; };
		3F0461771E8AE08D005FF532 /* CreateNewEventViewController.swift */ = {isa = PBXFileReference; fileEncoding = 4; lastKnownFileType = sourcecode.swift; path = CreateNewEventViewController.swift; sourceTree = "<group>"; };
		3F0461791E8AEB13005FF532 /* NewLocationViewController.swift */ = {isa = PBXFileReference; fileEncoding = 4; lastKnownFileType = sourcecode.swift; path = NewLocationViewController.swift; sourceTree = "<group>"; };
		3F04617B1E8C4778005FF532 /* ChatsTableViewController.swift */ = {isa = PBXFileReference; fileEncoding = 4; lastKnownFileType = sourcecode.swift; path = ChatsTableViewController.swift; sourceTree = "<group>"; };
		3F04617D1E8C48C7005FF532 /* Chat.swift */ = {isa = PBXFileReference; fileEncoding = 4; lastKnownFileType = sourcecode.swift; path = Chat.swift; sourceTree = "<group>"; };
		3F04617F1E8C4A2D005FF532 /* ChatViewController.swift */ = {isa = PBXFileReference; fileEncoding = 4; lastKnownFileType = sourcecode.swift; path = ChatViewController.swift; sourceTree = "<group>"; };
		3F0461811E8D7767005FF532 /* ChatTableViewCell.swift */ = {isa = PBXFileReference; fileEncoding = 4; lastKnownFileType = sourcecode.swift; path = ChatTableViewCell.swift; sourceTree = "<group>"; };
		3F3CCC421E8300400038B631 /* Guiamigo.app */ = {isa = PBXFileReference; explicitFileType = wrapper.application; includeInIndex = 0; path = Guiamigo.app; sourceTree = BUILT_PRODUCTS_DIR; };
		3F3CCC451E8300400038B631 /* AppDelegate.swift */ = {isa = PBXFileReference; lastKnownFileType = sourcecode.swift; path = AppDelegate.swift; sourceTree = "<group>"; };
		3F3CCC471E8300400038B631 /* MainViewController.swift */ = {isa = PBXFileReference; lastKnownFileType = sourcecode.swift; path = MainViewController.swift; sourceTree = "<group>"; };
		3F3CCC4A1E8300400038B631 /* Base */ = {isa = PBXFileReference; lastKnownFileType = file.storyboard; name = Base; path = Base.lproj/Main.storyboard; sourceTree = "<group>"; };
		3F3CCC4C1E8300400038B631 /* Assets.xcassets */ = {isa = PBXFileReference; lastKnownFileType = folder.assetcatalog; path = Assets.xcassets; sourceTree = "<group>"; };
		3F3CCC4F1E8300400038B631 /* Base */ = {isa = PBXFileReference; lastKnownFileType = file.storyboard; name = Base; path = Base.lproj/LaunchScreen.storyboard; sourceTree = "<group>"; };
		3F3CCC511E8300400038B631 /* Info.plist */ = {isa = PBXFileReference; lastKnownFileType = text.plist.xml; path = Info.plist; sourceTree = "<group>"; };
		3F3CCCD81E84621C0038B631 /* guiamigo.xcdatamodel */ = {isa = PBXFileReference; lastKnownFileType = wrapper.xcdatamodel; path = guiamigo.xcdatamodel; sourceTree = "<group>"; };
		3F3CCCDA1E8466AE0038B631 /* Event.swift */ = {isa = PBXFileReference; fileEncoding = 4; lastKnownFileType = sourcecode.swift; path = Event.swift; sourceTree = "<group>"; };
		3F3CCCED1E846B2B0038B631 /* CoreDataManager.swift */ = {isa = PBXFileReference; fileEncoding = 4; lastKnownFileType = sourcecode.swift; path = CoreDataManager.swift; sourceTree = "<group>"; };
		3FF1A9411E846CD4001FDB22 /* User.swift */ = {isa = PBXFileReference; fileEncoding = 4; lastKnownFileType = sourcecode.swift; path = User.swift; sourceTree = "<group>"; };
/* End PBXFileReference section */

/* Begin PBXFrameworksBuildPhase section */
		3F3CCC3F1E8300400038B631 /* Frameworks */ = {
			isa = PBXFrameworksBuildPhase;
			buildActionMask = 2147483647;
			files = (
			);
			runOnlyForDeploymentPostprocessing = 0;
		};
/* End PBXFrameworksBuildPhase section */

/* Begin PBXGroup section */
		3F0461831E8D7AB6005FF532 /* Sign in FIles */ = {
			isa = PBXGroup;
			children = (
				3F0461751E899649005FF532 /* SignUpViewController.swift */,
				3F0461731E899637005FF532 /* LogInViewController.swift */,
				3F0461711E89960D005FF532 /* SignInViewController.swift */,
			);
			name = "Sign in FIles";
			sourceTree = "<group>";
		};
		3F0461841E8D7AE1005FF532 /* Chat Files */ = {
			isa = PBXGroup;
			children = (
				3F04617F1E8C4A2D005FF532 /* ChatViewController.swift */,
				3F0461811E8D7767005FF532 /* ChatTableViewCell.swift */,
				3F04617D1E8C48C7005FF532 /* Chat.swift */,
				3F04617B1E8C4778005FF532 /* ChatsTableViewController.swift */,
			);
			name = "Chat Files";
			sourceTree = "<group>";
		};
		3F0461851E8D7AFF005FF532 /* Event Files */ = {
			isa = PBXGroup;
			children = (
				3F3CCCDA1E8466AE0038B631 /* Event.swift */,
				3FF1A9411E846CD4001FDB22 /* User.swift */,
				3F3CCC471E8300400038B631 /* MainViewController.swift */,
				3F0461791E8AEB13005FF532 /* NewLocationViewController.swift */,
				3F0461771E8AE08D005FF532 /* CreateNewEventViewController.swift */,
			);
			name = "Event Files";
			sourceTree = "<group>";
		};
		3F3CCC391E8300400038B631 = {
			isa = PBXGroup;
			children = (
				3F3CCC431E8300400038B631 /* Products */,
				3F3CCC441E8300400038B631 /* Guiamigo */,
			);
			sourceTree = "<group>";
		};
		3F3CCC431E8300400038B631 /* Products */ = {
			isa = PBXGroup;
			children = (
				3F3CCC421E8300400038B631 /* Guiamigo.app */,
			);
			name = Products;
			sourceTree = "<group>";
		};
		3F3CCC441E8300400038B631 /* Guiamigo */ = {
			isa = PBXGroup;
			children = (
				3F3CCCDC1E8468820038B631 /* Supporting Files */,
				3F3CCCED1E846B2B0038B631 /* CoreDataManager.swift */,
				3F0461841E8D7AE1005FF532 /* Chat Files */,
				3F0461851E8D7AFF005FF532 /* Event Files */,
				3F3CCCD71E84621C0038B631 /* guiamigo.xcdatamodeld */,
				3F3CCC491E8300400038B631 /* Main.storyboard */,
				3F0461831E8D7AB6005FF532 /* Sign in FIles */,
				3F3CCC4C1E8300400038B631 /* Assets.xcassets */,
			);
			path = Guiamigo;
			sourceTree = "<group>";
		};
		3F3CCCDC1E8468820038B631 /* Supporting Files */ = {
			isa = PBXGroup;
			children = (
				3F3CCC451E8300400038B631 /* AppDelegate.swift */,
				3F3CCC4E1E8300400038B631 /* LaunchScreen.storyboard */,
				3F3CCC511E8300400038B631 /* Info.plist */,
			);
			name = "Supporting Files";
			sourceTree = "<group>";
		};
/* End PBXGroup section */

/* Begin PBXNativeTarget section */
		3F3CCC411E8300400038B631 /* Guiamigo */ = {
			isa = PBXNativeTarget;
			buildConfigurationList = 3F3CCC541E8300400038B631 /* Build configuration list for PBXNativeTarget "Guiamigo" */;
			buildPhases = (
				3F3CCC3E1E8300400038B631 /* Sources */,
				3F3CCC3F1E8300400038B631 /* Frameworks */,
				3F3CCC401E8300400038B631 /* Resources */,
			);
			buildRules = (
			);
			dependencies = (
			);
			name = Guiamigo;
			productName = Guiamigo;
			productReference = 3F3CCC421E8300400038B631 /* Guiamigo.app */;
			productType = "com.apple.product-type.application";
		};
/* End PBXNativeTarget section */

/* Begin PBXProject section */
		3F3CCC3A1E8300400038B631 /* Project object */ = {
			isa = PBXProject;
			attributes = {
				LastSwiftUpdateCheck = 0820;
				LastUpgradeCheck = 0820;
				ORGANIZATIONNAME = hackatruck;
				TargetAttributes = {
					3F3CCC411E8300400038B631 = {
						CreatedOnToolsVersion = 8.2.1;
						DevelopmentTeam = 3XP38D26E2;
						ProvisioningStyle = Automatic;
					};
				};
			};
			buildConfigurationList = 3F3CCC3D1E8300400038B631 /* Build configuration list for PBXProject "Guiamigo" */;
			compatibilityVersion = "Xcode 3.2";
			developmentRegion = English;
			hasScannedForEncodings = 0;
			knownRegions = (
				en,
				Base,
			);
			mainGroup = 3F3CCC391E8300400038B631;
			productRefGroup = 3F3CCC431E8300400038B631 /* Products */;
			projectDirPath = "";
			projectRoot = "";
			targets = (
				3F3CCC411E8300400038B631 /* Guiamigo */,
			);
		};
/* End PBXProject section */

/* Begin PBXResourcesBuildPhase section */
		3F3CCC401E8300400038B631 /* Resources */ = {
			isa = PBXResourcesBuildPhase;
			buildActionMask = 2147483647;
			files = (
				3F3CCC501E8300400038B631 /* LaunchScreen.storyboard in Resources */,
				3F3CCC4D1E8300400038B631 /* Assets.xcassets in Resources */,
				3F3CCC4B1E8300400038B631 /* Main.storyboard in Resources */,
			);
			runOnlyForDeploymentPostprocessing = 0;
		};
/* End PBXResourcesBuildPhase section */

/* Begin PBXSourcesBuildPhase section */
		3F3CCC3E1E8300400038B631 /* Sources */ = {
			isa = PBXSourcesBuildPhase;
			buildActionMask = 2147483647;
			files = (
				3F0461721E89960D005FF532 /* SignInViewController.swift in Sources */,
				3F3CCCDB1E8466AE0038B631 /* Event.swift in Sources */,
				3FF1A9421E846CD4001FDB22 /* User.swift in Sources */,
				3F3CCCD91E84621C0038B631 /* guiamigo.xcdatamodeld in Sources */,
				3F0461741E899637005FF532 /* LogInViewController.swift in Sources */,
				3F3CCC481E8300400038B631 /* MainViewController.swift in Sources */,
				3F0461761E899649005FF532 /* SignUpViewController.swift in Sources */,
				3F04617A1E8AEB13005FF532 /* NewLocationViewController.swift in Sources */,
				3F3CCCEE1E846B2B0038B631 /* CoreDataManager.swift in Sources */,
				3F04617E1E8C48C7005FF532 /* Chat.swift in Sources */,
				3F0461781E8AE08D005FF532 /* CreateNewEventViewController.swift in Sources */,
				3F04617C1E8C4778005FF532 /* ChatsTableViewController.swift in Sources */,
				3F0461821E8D7767005FF532 /* ChatTableViewCell.swift in Sources */,
				3F0461801E8C4A2D005FF532 /* ChatViewController.swift in Sources */,
				3F3CCC461E8300400038B631 /* AppDelegate.swift in Sources */,
			);
			runOnlyForDeploymentPostprocessing = 0;
		};
/* End PBXSourcesBuildPhase section */

/* Begin PBXVariantGroup section */
		3F3CCC491E8300400038B631 /* Main.storyboard */ = {
			isa = PBXVariantGroup;
			children = (
				3F3CCC4A1E8300400038B631 /* Base */,
			);
			name = Main.storyboard;
			sourceTree = "<group>";
		};
		3F3CCC4E1E8300400038B631 /* LaunchScreen.storyboard */ = {
			isa = PBXVariantGroup;
			children = (
				3F3CCC4F1E8300400038B631 /* Base */,
			);
			name = LaunchScreen.storyboard;
			sourceTree = "<group>";
		};
/* End PBXVariantGroup section */

/* Begin XCBuildConfiguration section */
		3F3CCC521E8300400038B631 /* Debug */ = {
			isa = XCBuildConfiguration;
			buildSettings = {
				ALWAYS_SEARCH_USER_PATHS = NO;
				CLANG_ANALYZER_NONNULL = YES;
				CLANG_CXX_LANGUAGE_STANDARD = "gnu++0x";
				CLANG_CXX_LIBRARY = "libc++";
				CLANG_ENABLE_MODULES = YES;
				CLANG_ENABLE_OBJC_ARC = YES;
				CLANG_WARN_BOOL_CONVERSION = YES;
				CLANG_WARN_CONSTANT_CONVERSION = YES;
				CLANG_WARN_DIRECT_OBJC_ISA_USAGE = YES_ERROR;
				CLANG_WARN_DOCUMENTATION_COMMENTS = YES;
				CLANG_WARN_EMPTY_BODY = YES;
				CLANG_WARN_ENUM_CONVERSION = YES;
				CLANG_WARN_INFINITE_RECURSION = YES;
				CLANG_WARN_INT_CONVERSION = YES;
				CLANG_WARN_OBJC_ROOT_CLASS = YES_ERROR;
				CLANG_WARN_SUSPICIOUS_MOVE = YES;
				CLANG_WARN_UNREACHABLE_CODE = YES;
				CLANG_WARN__DUPLICATE_METHOD_MATCH = YES;
				"CODE_SIGN_IDENTITY[sdk=iphoneos*]" = "iPhone Developer";
				COPY_PHASE_STRIP = NO;
				DEBUG_INFORMATION_FORMAT = dwarf;
				ENABLE_STRICT_OBJC_MSGSEND = YES;
				ENABLE_TESTABILITY = YES;
				GCC_C_LANGUAGE_STANDARD = gnu99;
				GCC_DYNAMIC_NO_PIC = NO;
				GCC_NO_COMMON_BLOCKS = YES;
				GCC_OPTIMIZATION_LEVEL = 0;
				GCC_PREPROCESSOR_DEFINITIONS = (
					"DEBUG=1",
					"$(inherited)",
				);
				GCC_WARN_64_TO_32_BIT_CONVERSION = YES;
				GCC_WARN_ABOUT_RETURN_TYPE = YES_ERROR;
				GCC_WARN_UNDECLARED_SELECTOR = YES;
				GCC_WARN_UNINITIALIZED_AUTOS = YES_AGGRESSIVE;
				GCC_WARN_UNUSED_FUNCTION = YES;
				GCC_WARN_UNUSED_VARIABLE = YES;
				IPHONEOS_DEPLOYMENT_TARGET = 10.2;
				MTL_ENABLE_DEBUG_INFO = YES;
				ONLY_ACTIVE_ARCH = YES;
				SDKROOT = iphoneos;
				SWIFT_ACTIVE_COMPILATION_CONDITIONS = DEBUG;
				SWIFT_OPTIMIZATION_LEVEL = "-Onone";
				TARGETED_DEVICE_FAMILY = "1,2";
			};
			name = Debug;
		};
		3F3CCC531E8300400038B631 /* Release */ = {
			isa = XCBuildConfiguration;
			buildSettings = {
				ALWAYS_SEARCH_USER_PATHS = NO;
				CLANG_ANALYZER_NONNULL = YES;
				CLANG_CXX_LANGUAGE_STANDARD = "gnu++0x";
				CLANG_CXX_LIBRARY = "libc++";
				CLANG_ENABLE_MODULES = YES;
				CLANG_ENABLE_OBJC_ARC = YES;
				CLANG_WARN_BOOL_CONVERSION = YES;
				CLANG_WARN_CONSTANT_CONVERSION = YES;
				CLANG_WARN_DIRECT_OBJC_ISA_USAGE = YES_ERROR;
				CLANG_WARN_DOCUMENTATION_COMMENTS = YES;
				CLANG_WARN_EMPTY_BODY = YES;
				CLANG_WARN_ENUM_CONVERSION = YES;
				CLANG_WARN_INFINITE_RECURSION = YES;
				CLANG_WARN_INT_CONVERSION = YES;
				CLANG_WARN_OBJC_ROOT_CLASS = YES_ERROR;
				CLANG_WARN_SUSPICIOUS_MOVE = YES;
				CLANG_WARN_UNREACHABLE_CODE = YES;
				CLANG_WARN__DUPLICATE_METHOD_MATCH = YES;
				"CODE_SIGN_IDENTITY[sdk=iphoneos*]" = "iPhone Developer";
				COPY_PHASE_STRIP = NO;
				DEBUG_INFORMATION_FORMAT = "dwarf-with-dsym";
				ENABLE_NS_ASSERTIONS = NO;
				ENABLE_STRICT_OBJC_MSGSEND = YES;
				GCC_C_LANGUAGE_STANDARD = gnu99;
				GCC_NO_COMMON_BLOCKS = YES;
				GCC_WARN_64_TO_32_BIT_CONVERSION = YES;
				GCC_WARN_ABOUT_RETURN_TYPE = YES_ERROR;
				GCC_WARN_UNDECLARED_SELECTOR = YES;
				GCC_WARN_UNINITIALIZED_AUTOS = YES_AGGRESSIVE;
				GCC_WARN_UNUSED_FUNCTION = YES;
				GCC_WARN_UNUSED_VARIABLE = YES;
				IPHONEOS_DEPLOYMENT_TARGET = 10.2;
				MTL_ENABLE_DEBUG_INFO = NO;
				SDKROOT = iphoneos;
				SWIFT_OPTIMIZATION_LEVEL = "-Owholemodule";
				TARGETED_DEVICE_FAMILY = "1,2";
				VALIDATE_PRODUCT = YES;
			};
			name = Release;
		};
		3F3CCC551E8300400038B631 /* Debug */ = {
			isa = XCBuildConfiguration;
			buildSettings = {
				ASSETCATALOG_COMPILER_APPICON_NAME = AppIcon;
				"CODE_SIGN_IDENTITY[sdk=iphoneos*]" = "iPhone Developer";
				DEVELOPMENT_TEAM = 3XP38D26E2;
				INFOPLIST_FILE = Guiamigo/Info.plist;
				LD_RUNPATH_SEARCH_PATHS = "$(inherited) @executable_path/Frameworks";
				PRODUCT_BUNDLE_IDENTIFIER = br.com.hackatruck.Guiamigo;
				PRODUCT_NAME = "$(TARGET_NAME)";
				SWIFT_VERSION = 3.0;
			};
			name = Debug;
		};
		3F3CCC561E8300400038B631 /* Release */ = {
			isa = XCBuildConfiguration;
			buildSettings = {
				ASSETCATALOG_COMPILER_APPICON_NAME = AppIcon;
				"CODE_SIGN_IDENTITY[sdk=iphoneos*]" = "iPhone Developer";
				DEVELOPMENT_TEAM = 3XP38D26E2;
				INFOPLIST_FILE = Guiamigo/Info.plist;
				LD_RUNPATH_SEARCH_PATHS = "$(inherited) @executable_path/Frameworks";
				PRODUCT_BUNDLE_IDENTIFIER = br.com.hackatruck.Guiamigo;
				PRODUCT_NAME = "$(TARGET_NAME)";
				SWIFT_VERSION = 3.0;
			};
			name = Release;
		};
/* End XCBuildConfiguration section */

/* Begin XCConfigurationList section */
		3F3CCC3D1E8300400038B631 /* Build configuration list for PBXProject "Guiamigo" */ = {
			isa = XCConfigurationList;
			buildConfigurations = (
				3F3CCC521E8300400038B631 /* Debug */,
				3F3CCC531E8300400038B631 /* Release */,
			);
			defaultConfigurationIsVisible = 0;
			defaultConfigurationName = Release;
		};
		3F3CCC541E8300400038B631 /* Build configuration list for PBXNativeTarget "Guiamigo" */ = {
			isa = XCConfigurationList;
			buildConfigurations = (
				3F3CCC551E8300400038B631 /* Debug */,
				3F3CCC561E8300400038B631 /* Release */,
			);
			defaultConfigurationIsVisible = 0;
			defaultConfigurationName = Release;
		};
/* End XCConfigurationList section */

/* Begin XCVersionGroup section */
		3F3CCCD71E84621C0038B631 /* guiamigo.xcdatamodeld */ = {
			isa = XCVersionGroup;
			children = (
				3F3CCCD81E84621C0038B631 /* guiamigo.xcdatamodel */,
			);
			currentVersion = 3F3CCCD81E84621C0038B631 /* guiamigo.xcdatamodel */;
			path = guiamigo.xcdatamodeld;
			sourceTree = "<group>";
			versionGroupType = wrapper.xcdatamodel;
		};
/* End XCVersionGroup section */
	};
	rootObject = 3F3CCC3A1E8300400038B631 /* Project object */;
}
